// !$*UTF8*$!
{
	archiveVersion = 1;
	classes = {
	};
	objectVersion = 56;
	objects = {

/* Begin PBXBuildFile section */
		920A9C3D2AFAAC3E0058D143 /* Story.swift in Sources */ = {isa = PBXBuildFile; fileRef = 920A9C3C2AFAAC3E0058D143 /* Story.swift */; };
		920A9C3F2AFAAC550058D143 /* StoryBrain.swift in Sources */ = {isa = PBXBuildFile; fileRef = 920A9C3E2AFAAC550058D143 /* StoryBrain.swift */; };
		920A9C462AFAB08B0058D143 /* InitialViewController.swift in Sources */ = {isa = PBXBuildFile; fileRef = 920A9C452AFAB08B0058D143 /* InitialViewController.swift */; };
		9295A14C2AFA9A2600A738BB /* AppDelegate.swift in Sources */ = {isa = PBXBuildFile; fileRef = 9295A14B2AFA9A2600A738BB /* AppDelegate.swift */; };
		9295A14E2AFA9A2600A738BB /* SceneDelegate.swift in Sources */ = {isa = PBXBuildFile; fileRef = 9295A14D2AFA9A2600A738BB /* SceneDelegate.swift */; };
		9295A1532AFA9A2600A738BB /* Main.storyboard in Resources */ = {isa = PBXBuildFile; fileRef = 9295A1512AFA9A2600A738BB /* Main.storyboard */; };
		9295A1552AFA9A2700A738BB /* Assets.xcassets in Resources */ = {isa = PBXBuildFile; fileRef = 9295A1542AFA9A2700A738BB /* Assets.xcassets */; };
		9295A1582AFA9A2700A738BB /* LaunchScreen.storyboard in Resources */ = {isa = PBXBuildFile; fileRef = 9295A1562AFA9A2700A738BB /* LaunchScreen.storyboard */; };
/* End PBXBuildFile section */

/* Begin PBXFileReference section */
		920A9C3C2AFAAC3E0058D143 /* Story.swift */ = {isa = PBXFileReference; lastKnownFileType = sourcecode.swift; path = Story.swift; sourceTree = "<group>"; };
		920A9C3E2AFAAC550058D143 /* StoryBrain.swift */ = {isa = PBXFileReference; lastKnownFileType = sourcecode.swift; path = StoryBrain.swift; sourceTree = "<group>"; };
		920A9C452AFAB08B0058D143 /* InitialViewController.swift */ = {isa = PBXFileReference; lastKnownFileType = sourcecode.swift; path = InitialViewController.swift; sourceTree = "<group>"; };
		9295A1482AFA9A2600A738BB /* Destini.app */ = {isa = PBXFileReference; explicitFileType = wrapper.application; includeInIndex = 0; path = Destini.app; sourceTree = BUILT_PRODUCTS_DIR; };
		9295A14B2AFA9A2600A738BB /* AppDelegate.swift */ = {isa = PBXFileReference; lastKnownFileType = sourcecode.swift; path = AppDelegate.swift; sourceTree = "<group>"; };
		9295A14D2AFA9A2600A738BB /* SceneDelegate.swift */ = {isa = PBXFileReference; lastKnownFileType = sourcecode.swift; path = SceneDelegate.swift; sourceTree = "<group>"; };
		9295A1522AFA9A2600A738BB /* Base */ = {isa = PBXFileReference; lastKnownFileType = file.storyboard; name = Base; path = Base.lproj/Main.storyboard; sourceTree = "<group>"; };
		9295A1542AFA9A2700A738BB /* Assets.xcassets */ = {isa = PBXFileReference; lastKnownFileType = folder.assetcatalog; path = Assets.xcassets; sourceTree = "<group>"; };
		9295A1572AFA9A2700A738BB /* Base */ = {isa = PBXFileReference; lastKnownFileType = file.storyboard; name = Base; path = Base.lproj/LaunchScreen.storyboard; sourceTree = "<group>"; };
		9295A1592AFA9A2700A738BB /* Info.plist */ = {isa = PBXFileReference; lastKnownFileType = text.plist.xml; path = Info.plist; sourceTree = "<group>"; };
/* End PBXFileReference section */

/* Begin PBXFrameworksBuildPhase section */
		9295A1452AFA9A2600A738BB /* Frameworks */ = {
			isa = PBXFrameworksBuildPhase;
			buildActionMask = 2147483647;
			files = (
			);
			runOnlyForDeploymentPostprocessing = 0;
		};
/* End PBXFrameworksBuildPhase section */

/* Begin PBXGroup section */
		920A9C3A2AFAAC050058D143 /* View */ = {
			isa = PBXGroup;
			children = (
				9295A1512AFA9A2600A738BB /* Main.storyboard */,
			);
			path = View;
			sourceTree = "<group>";
		};
		920A9C3B2AFAAC0F0058D143 /* Contoller */ = {
			isa = PBXGroup;
			children = (
				920A9C452AFAB08B0058D143 /* InitialViewController.swift */,
			);
			path = Contoller;
			sourceTree = "<group>";
		};
		920A9C402AFAAC5B0058D143 /* Model */ = {
			isa = PBXGroup;
			children = (
				920A9C3C2AFAAC3E0058D143 /* Story.swift */,
				920A9C3E2AFAAC550058D143 /* StoryBrain.swift */,
			);
			path = Model;
			sourceTree = "<group>";
		};
		9295A13F2AFA9A2600A738BB = {
			isa = PBXGroup;
			children = (
				9295A14A2AFA9A2600A738BB /* Destini */,
				9295A1492AFA9A2600A738BB /* Products */,
			);
			sourceTree = "<group>";
		};
		9295A1492AFA9A2600A738BB /* Products */ = {
			isa = PBXGroup;
			children = (
				9295A1482AFA9A2600A738BB /* Destini.app */,
			);
			name = Products;
			sourceTree = "<group>";
		};
		9295A14A2AFA9A2600A738BB /* Destini */ = {
			isa = PBXGroup;
			children = (
				9295A14B2AFA9A2600A738BB /* AppDelegate.swift */,
				9295A14D2AFA9A2600A738BB /* SceneDelegate.swift */,
				920A9C402AFAAC5B0058D143 /* Model */,
				920A9C3A2AFAAC050058D143 /* View */,
				920A9C3B2AFAAC0F0058D143 /* Contoller */,
				9295A1542AFA9A2700A738BB /* Assets.xcassets */,
				9295A1562AFA9A2700A738BB /* LaunchScreen.storyboard */,
				9295A1592AFA9A2700A738BB /* Info.plist */,
			);
			path = Destini;
			sourceTree = "<group>";
		};
/* End PBXGroup section */

/* Begin PBXNativeTarget section */
		9295A1472AFA9A2600A738BB /* Destini */ = {
			isa = PBXNativeTarget;
			buildConfigurationList = 9295A15C2AFA9A2700A738BB /* Build configuration list for PBXNativeTarget "Destini" */;
			buildPhases = (
				9295A1442AFA9A2600A738BB /* Sources */,
				9295A1452AFA9A2600A738BB /* Frameworks */,
				9295A1462AFA9A2600A738BB /* Resources */,
			);
			buildRules = (
			);
			dependencies = (
			);
			name = Destini;
			productName = Destini;
			productReference = 9295A1482AFA9A2600A738BB /* Destini.app */;
			productType = "com.apple.product-type.application";
		};
/* End PBXNativeTarget section */

/* Begin PBXProject section */
		9295A1402AFA9A2600A738BB /* Project object */ = {
			isa = PBXProject;
			attributes = {
				BuildIndependentTargetsInParallel = 1;
				LastSwiftUpdateCheck = 1430;
				LastUpgradeCheck = 1430;
				TargetAttributes = {
					9295A1472AFA9A2600A738BB = {
						CreatedOnToolsVersion = 14.3;
					};
				};
			};
			buildConfigurationList = 9295A1432AFA9A2600A738BB /* Build configuration list for PBXProject "Destini" */;
			compatibilityVersion = "Xcode 14.0";
			developmentRegion = en;
			hasScannedForEncodings = 0;
			knownRegions = (
				en,
				Base,
			);
			mainGroup = 9295A13F2AFA9A2600A738BB;
			productRefGroup = 9295A1492AFA9A2600A738BB /* Products */;
			projectDirPath = "";
			projectRoot = "";
			targets = (
				9295A1472AFA9A2600A738BB /* Destini */,
			);
		};
/* End PBXProject section */

/* Begin PBXResourcesBuildPhase section */
		9295A1462AFA9A2600A738BB /* Resources */ = {
			isa = PBXResourcesBuildPhase;
			buildActionMask = 2147483647;
			files = (
				9295A1582AFA9A2700A738BB /* LaunchScreen.storyboard in Resources */,
				9295A1552AFA9A2700A738BB /* Assets.xcassets in Resources */,
				9295A1532AFA9A2600A738BB /* Main.storyboard in Resources */,
			);
			runOnlyForDeploymentPostprocessing = 0;
		};
/* End PBXResourcesBuildPhase section */

/* Begin PBXSourcesBuildPhase section */
		9295A1442AFA9A2600A738BB /* Sources */ = {
			isa = PBXSourcesBuildPhase;
			buildActionMask = 2147483647;
			files = (
				920A9C462AFAB08B0058D143 /* InitialViewController.swift in Sources */,
				920A9C3F2AFAAC550058D143 /* StoryBrain.swift in Sources */,
				9295A14C2AFA9A2600A738BB /* AppDelegate.swift in Sources */,
				9295A14E2AFA9A2600A738BB /* SceneDelegate.swift in Sources */,
				920A9C3D2AFAAC3E0058D143 /* Story.swift in Sources */,
			);
			runOnlyForDeploymentPostprocessing = 0;
		};
/* End PBXSourcesBuildPhase section */

/* Begin PBXVariantGroup section */
		9295A1512AFA9A2600A738BB /* Main.storyboard */ = {
			isa = PBXVariantGroup;
			children = (
				9295A1522AFA9A2600A738BB /* Base */,
			);
			name = Main.storyboard;
			sourceTree = "<group>";
		};
		9295A1562AFA9A2700A738BB /* LaunchScreen.storyboard */ = {
			isa = PBXVariantGroup;
			children = (
				9295A1572AFA9A2700A738BB /* Base */,
			);
			name = LaunchScreen.storyboard;
			sourceTree = "<group>";
		};
/* End PBXVariantGroup section */

/* Begin XCBuildConfiguration section */
		9295A15A2AFA9A2700A738BB /* Debug */ = {
			isa = XCBuildConfiguration;
			buildSettings = {
				ALWAYS_SEARCH_USER_PATHS = NO;
				CLANG_ANALYZER_NONNULL = YES;
				CLANG_ANALYZER_NUMBER_OBJECT_CONVERSION = YES_AGGRESSIVE;
				CLANG_CXX_LANGUAGE_STANDARD = "gnu++20";
				CLANG_ENABLE_MODULES = YES;
				CLANG_ENABLE_OBJC_ARC = YES;
				CLANG_ENABLE_OBJC_WEAK = YES;
				CLANG_WARN_BLOCK_CAPTURE_AUTORELEASING = YES;
				CLANG_WARN_BOOL_CONVERSION = YES;
				CLANG_WARN_COMMA = YES;
				CLANG_WARN_CONSTANT_CONVERSION = YES;
				CLANG_WARN_DEPRECATED_OBJC_IMPLEMENTATIONS = YES;
				CLANG_WARN_DIRECT_OBJC_ISA_USAGE = YES_ERROR;
				CLANG_WARN_DOCUMENTATION_COMMENTS = YES;
				CLANG_WARN_EMPTY_BODY = YES;
				CLANG_WARN_ENUM_CONVERSION = YES;
				CLANG_WARN_INFINITE_RECURSION = YES;
				CLANG_WARN_INT_CONVERSION = YES;
				CLANG_WARN_NON_LITERAL_NULL_CONVERSION = YES;
				CLANG_WARN_OBJC_IMPLICIT_RETAIN_SELF = YES;
				CLANG_WARN_OBJC_LITERAL_CONVERSION = YES;
				CLANG_WARN_OBJC_ROOT_CLASS = YES_ERROR;
				CLANG_WARN_QUOTED_INCLUDE_IN_FRAMEWORK_HEADER = YES;
				CLANG_WARN_RANGE_LOOP_ANALYSIS = YES;
				CLANG_WARN_STRICT_PROTOTYPES = YES;
				CLANG_WARN_SUSPICIOUS_MOVE = YES;
				CLANG_WARN_UNGUARDED_AVAILABILITY = YES_AGGRESSIVE;
				CLANG_WARN_UNREACHABLE_CODE = YES;
				CLANG_WARN__DUPLICATE_METHOD_MATCH = YES;
				COPY_PHASE_STRIP = NO;
				DEBUG_INFORMATION_FORMAT = dwarf;
				ENABLE_STRICT_OBJC_MSGSEND = YES;
				ENABLE_TESTABILITY = YES;
				GCC_C_LANGUAGE_STANDARD = gnu11;
				GCC_DYNAMIC_NO_PIC = NO;
				GCC_NO_COMMON_BLOCKS = YES;
				GCC_OPTIMIZATION_LEVEL = 0;
				GCC_PREPROCESSOR_DEFINITIONS = (
					"DEBUG=1",
					"$(inherited)",
				);
				GCC_WARN_64_TO_32_BIT_CONVERSION = YES;
				GCC_WARN_ABOUT_RETURN_TYPE = YES_ERROR;
				GCC_WARN_UNDECLARED_SELECTOR = YES;
				GCC_WARN_UNINITIALIZED_AUTOS = YES_AGGRESSIVE;
				GCC_WARN_UNUSED_FUNCTION = YES;
				GCC_WARN_UNUSED_VARIABLE = YES;
				IPHONEOS_DEPLOYMENT_TARGET = 16.4;
				MTL_ENABLE_DEBUG_INFO = INCLUDE_SOURCE;
				MTL_FAST_MATH = YES;
				ONLY_ACTIVE_ARCH = YES;
				SDKROOT = iphoneos;
				SWIFT_ACTIVE_COMPILATION_CONDITIONS = DEBUG;
				SWIFT_OPTIMIZATION_LEVEL = "-Onone";
			};
			name = Debug;
		};
		9295A15B2AFA9A2700A738BB /* Release */ = {
			isa = XCBuildConfiguration;
			buildSettings = {
				ALWAYS_SEARCH_USER_PATHS = NO;
				CLANG_ANALYZER_NONNULL = YES;
				CLANG_ANALYZER_NUMBER_OBJECT_CONVERSION = YES_AGGRESSIVE;
				CLANG_CXX_LANGUAGE_STANDARD = "gnu++20";
				CLANG_ENABLE_MODULES = YES;
				CLANG_ENABLE_OBJC_ARC = YES;
				CLANG_ENABLE_OBJC_WEAK = YES;
				CLANG_WARN_BLOCK_CAPTURE_AUTORELEASING = YES;
				CLANG_WARN_BOOL_CONVERSION = YES;
				CLANG_WARN_COMMA = YES;
				CLANG_WARN_CONSTANT_CONVERSION = YES;
				CLANG_WARN_DEPRECATED_OBJC_IMPLEMENTATIONS = YES;
				CLANG_WARN_DIRECT_OBJC_ISA_USAGE = YES_ERROR;
				CLANG_WARN_DOCUMENTATION_COMMENTS = YES;
				CLANG_WARN_EMPTY_BODY = YES;
				CLANG_WARN_ENUM_CONVERSION = YES;
				CLANG_WARN_INFINITE_RECURSION = YES;
				CLANG_WARN_INT_CONVERSION = YES;
				CLANG_WARN_NON_LITERAL_NULL_CONVERSION = YES;
				CLANG_WARN_OBJC_IMPLICIT_RETAIN_SELF = YES;
				CLANG_WARN_OBJC_LITERAL_CONVERSION = YES;
				CLANG_WARN_OBJC_ROOT_CLASS = YES_ERROR;
				CLANG_WARN_QUOTED_INCLUDE_IN_FRAMEWORK_HEADER = YES;
				CLANG_WARN_RANGE_LOOP_ANALYSIS = YES;
				CLANG_WARN_STRICT_PROTOTYPES = YES;
				CLANG_WARN_SUSPICIOUS_MOVE = YES;
				CLANG_WARN_UNGUARDED_AVAILABILITY = YES_AGGRESSIVE;
				CLANG_WARN_UNREACHABLE_CODE = YES;
				CLANG_WARN__DUPLICATE_METHOD_MATCH = YES;
				COPY_PHASE_STRIP = NO;
				DEBUG_INFORMATION_FORMAT = "dwarf-with-dsym";
				ENABLE_NS_ASSERTIONS = NO;
				ENABLE_STRICT_OBJC_MSGSEND = YES;
				GCC_C_LANGUAGE_STANDARD = gnu11;
				GCC_NO_COMMON_BLOCKS = YES;
				GCC_WARN_64_TO_32_BIT_CONVERSION = YES;
				GCC_WARN_ABOUT_RETURN_TYPE = YES_ERROR;
				GCC_WARN_UNDECLARED_SELECTOR = YES;
				GCC_WARN_UNINITIALIZED_AUTOS = YES_AGGRESSIVE;
				GCC_WARN_UNUSED_FUNCTION = YES;
				GCC_WARN_UNUSED_VARIABLE = YES;
				IPHONEOS_DEPLOYMENT_TARGET = 16.4;
				MTL_ENABLE_DEBUG_INFO = NO;
				MTL_FAST_MATH = YES;
				SDKROOT = iphoneos;
				SWIFT_COMPILATION_MODE = wholemodule;
				SWIFT_OPTIMIZATION_LEVEL = "-O";
				VALIDATE_PRODUCT = YES;
			};
			name = Release;
		};
		9295A15D2AFA9A2700A738BB /* Debug */ = {
			isa = XCBuildConfiguration;
			buildSettings = {
				ASSETCATALOG_COMPILER_APPICON_NAME = AppIcon;
				ASSETCATALOG_COMPILER_GLOBAL_ACCENT_COLOR_NAME = AccentColor;
				CODE_SIGN_STYLE = Automatic;
				CURRENT_PROJECT_VERSION = 1;
				GENERATE_INFOPLIST_FILE = YES;
				INFOPLIST_FILE = Destini/Info.plist;
				INFOPLIST_KEY_UIApplicationSupportsIndirectInputEvents = YES;
				INFOPLIST_KEY_UILaunchStoryboardName = LaunchScreen;
				INFOPLIST_KEY_UIMainStoryboardFile = Main;
				INFOPLIST_KEY_UISupportedInterfaceOrientations_iPad = "UIInterfaceOrientationPortrait UIInterfaceOrientationPortraitUpsideDown UIInterfaceOrientationLandscapeLeft UIInterfaceOrientationLandscapeRight";
				INFOPLIST_KEY_UISupportedInterfaceOrientations_iPhone = "UIInterfaceOrientationPortrait UIInterfaceOrientationLandscapeLeft UIInterfaceOrientationLandscapeRight";
				LD_RUNPATH_SEARCH_PATHS = (
					"$(inherited)",
					"@executable_path/Frameworks",
				);
				MARKETING_VERSION = 1.0;
				PRODUCT_BUNDLE_IDENTIFIER = "Krasnov-Yuri.Destini";
				PRODUCT_NAME = "$(TARGET_NAME)";
				SUPPORTED_PLATFORMS = "iphoneos iphonesimulator";
				SUPPORTS_MACCATALYST = NO;
				SUPPORTS_MAC_DESIGNED_FOR_IPHONE_IPAD = NO;
				SWIFT_EMIT_LOC_STRINGS = YES;
				SWIFT_VERSION = 5.0;
				TARGETED_DEVICE_FAMILY = 1;
			};
			name = Debug;
		};
		9295A15E2AFA9A2700A738BB /* Release */ = {
			isa = XCBuildConfiguration;
			buildSettings = {
				ASSETCATALOG_COMPILER_APPICON_NAME = AppIcon;
				ASSETCATALOG_COMPILER_GLOBAL_ACCENT_COLOR_NAME = AccentColor;
				CODE_SIGN_STYLE = Automatic;
				CURRENT_PROJECT_VERSION = 1;
				GENERATE_INFOPLIST_FILE = YES;
				INFOPLIST_FILE = Destini/Info.plist;
				INFOPLIST_KEY_UIApplicationSupportsIndirectInputEvents = YES;
				INFOPLIST_KEY_UILaunchStoryboardName = LaunchScreen;
				INFOPLIST_KEY_UIMainStoryboardFile = Main;
				INFOPLIST_KEY_UISupportedInterfaceOrientations_iPad = "UIInterfaceOrientationPortrait UIInterfaceOrientationPortraitUpsideDown UIInterfaceOrientationLandscapeLeft UIInterfaceOrientationLandscapeRight";
				INFOPLIST_KEY_UISupportedInterfaceOrientations_iPhone = "UIInterfaceOrientationPortrait UIInterfaceOrientationLandscapeLeft UIInterfaceOrientationLandscapeRight";
				LD_RUNPATH_SEARCH_PATHS = (
					"$(inherited)",
					"@executable_path/Frameworks",
				);
				MARKETING_VERSION = 1.0;
				PRODUCT_BUNDLE_IDENTIFIER = "Krasnov-Yuri.Destini";
				PRODUCT_NAME = "$(TARGET_NAME)";
				SUPPORTED_PLATFORMS = "iphoneos iphonesimulator";
				SUPPORTS_MACCATALYST = NO;
				SUPPORTS_MAC_DESIGNED_FOR_IPHONE_IPAD = NO;
				SWIFT_EMIT_LOC_STRINGS = YES;
				SWIFT_VERSION = 5.0;
				TARGETED_DEVICE_FAMILY = 1;
			};
			name = Release;
		};
/* End XCBuildConfiguration section */

/* Begin XCConfigurationList section */
		9295A1432AFA9A2600A738BB /* Build configuration list for PBXProject "Destini" */ = {
			isa = XCConfigurationList;
			buildConfigurations = (
				9295A15A2AFA9A2700A738BB /* Debug */,
				9295A15B2AFA9A2700A738BB /* Release */,
			);
			defaultConfigurationIsVisible = 0;
			defaultConfigurationName = Release;
		};
		9295A15C2AFA9A2700A738BB /* Build configuration list for PBXNativeTarget "Destini" */ = {
			isa = XCConfigurationList;
			buildConfigurations = (
				9295A15D2AFA9A2700A738BB /* Debug */,
				9295A15E2AFA9A2700A738BB /* Release */,
			);
			defaultConfigurationIsVisible = 0;
			defaultConfigurationName = Release;
		};
/* End XCConfigurationList section */
	};
	rootObject = 9295A1402AFA9A2600A738BB /* Project object */;
}
